<?xml version="1.0" encoding="utf-8"?>
<Project ToolsVersion="4.0" xmlns="http://schemas.microsoft.com/developer/msbuild/2003">
  <ItemGroup>
    <Filter Include="Source Files">
      <UniqueIdentifier>{4FC737F1-C7A5-4376-A066-2A32D752A2FF}</UniqueIdentifier>
      <Extensions>cpp;c;cc;cxx;c++;cppm;ixx;def;odl;idl;hpj;bat;asm;asmx</Extensions>
    </Filter>
    <Filter Include="Header Files">
      <UniqueIdentifier>{93995380-89BD-4b04-88EB-625FBE52EBFB}</UniqueIdentifier>
      <Extensions>h;hh;hpp;hxx;h++;hm;inl;inc;ipp;xsd</Extensions>
    </Filter>
    <Filter Include="Resource Files">
      <UniqueIdentifier>{67DA6AB6-F800-4c08-8B7A-83BB121AAD01}</UniqueIdentifier>
      <Extensions>rc;ico;cur;bmp;dlg;rc2;rct;bin;rgs;gif;jpg;jpeg;jpe;resx;tiff;tif;png;wav;mfcribbon-ms</Extensions>
    </Filter>
  </ItemGroup>
  <ItemGroup>
    <ClCompile Include="main.cpp">
      <Filter>Source Files</Filter>
    </ClCompile>
    <ClCompile Include="Game.cpp">
      <Filter>Source Files</Filter>
    </ClCompile>
    <ClCompile Include="TextureManage.cpp">
      <Filter>Source Files</Filter>
    </ClCompile>
    <ClCompile Include="Object.cpp">
      <Filter>Source Files</Filter>
    </ClCompile>
    <ClCompile Include="Vector2D.cpp">
      <Filter>Source Files</Filter>
    </ClCompile>
    <ClCompile Include="Map.cpp">
      <Filter>Source Files</Filter>
    </ClCompile>
    <ClCompile Include="Collision.cpp">
      <Filter>Source Files</Filter>
    </ClCompile>
    <ClCompile Include="Entity&amp;Component\Entity&amp;Component.cpp">
      <Filter>Source Files</Filter>
    </ClCompile>
    <ClCompile Include="AssetManager.cpp">
      <Filter>Source Files</Filter>
    </ClCompile>
    <ClCompile Include="Activation.cpp">
      <Filter>Source Files</Filter>
    </ClCompile>
    <ClCompile Include="Menu.cpp">
      <Filter>Source Files</Filter>
    </ClCompile>
    <ClCompile Include="deps\includes\tinyxml\tinyxmlparser.cpp">
      <Filter>Source Files</Filter>
    </ClCompile>
    <ClCompile Include="deps\includes\tinyxml\tinystr.cpp">
      <Filter>Source Files</Filter>
    </ClCompile>
    <ClCompile Include="deps\includes\tinyxml\tinyxml.cpp">
      <Filter>Source Files</Filter>
    </ClCompile>
    <ClCompile Include="deps\includes\tinyxml\tinyxmlerror.cpp">
      <Filter>Source Files</Filter>
    </ClCompile>
  </ItemGroup>
  <ItemGroup>
    <ClInclude Include="Game.h">
      <Filter>Header Files</Filter>
    </ClInclude>
    <ClInclude Include="TextureManage.h">
      <Filter>Header Files</Filter>
    </ClInclude>
    <ClInclude Include="Object.h">
      <Filter>Header Files</Filter>
    </ClInclude>
    <ClInclude Include="Entity&amp;Component\SpriteComponent.h">
      <Filter>Header Files</Filter>
    </ClInclude>
    <ClInclude Include="Entity&amp;Component\TransformComponent.h">
      <Filter>Header Files</Filter>
    </ClInclude>
    <ClInclude Include="Entity&amp;Component\Components.h">
      <Filter>Header Files</Filter>
    </ClInclude>
    <ClInclude Include="Entity&amp;Component\Entity&amp;Component.h">
      <Filter>Header Files</Filter>
    </ClInclude>
    <ClInclude Include="Vector2D.h">
      <Filter>Header Files</Filter>
    </ClInclude>
    <ClInclude Include="Entity&amp;Component\KeyboardControl.h">
      <Filter>Header Files</Filter>
    </ClInclude>
    <ClInclude Include="Map.h">
      <Filter>Header Files</Filter>
    </ClInclude>
    <ClInclude Include="Entity&amp;Component\Collider.h">
      <Filter>Header Files</Filter>
    </ClInclude>
    <ClInclude Include="Collision.h">
      <Filter>Header Files</Filter>
    </ClInclude>
    <ClInclude Include="Entity&amp;Component\TileComponent.h">
      <Filter>Header Files</Filter>
    </ClInclude>
    <ClInclude Include="Entity&amp;Component\Animation.h">
      <Filter>Header Files</Filter>
    </ClInclude>
    <ClInclude Include="AssetManager.h">
      <Filter>Header Files</Filter>
    </ClInclude>
    <ClInclude Include="Entity&amp;Component\Projectile.h">
      <Filter>Header Files</Filter>
    </ClInclude>
    <ClInclude Include="Entity&amp;Component\UILabel.h">
      <Filter>Header Files</Filter>
    </ClInclude>
    <ClInclude Include="Variables.h">
      <Filter>Header Files</Filter>
    </ClInclude>
    <ClInclude Include="Entity&amp;Component\Activater.h">
      <Filter>Header Files</Filter>
    </ClInclude>
    <ClInclude Include="Activation.h">
      <Filter>Header Files</Filter>
    </ClInclude>
    <ClInclude Include="Menu.h">
      <Filter>Header Files</Filter>
    </ClInclude>
    <ClInclude Include="deps\includes\tinyxml\tinystr.h">
      <Filter>Header Files</Filter>
    </ClInclude>
    <ClInclude Include="deps\includes\tinyxml\tinyxml.h">
      <Filter>Header Files</Filter>
    </ClInclude>
    <ClInclude Include="deps\includes\glad\glad\glad.h">
      <Filter>Header Files</Filter>
    </ClInclude>
    <ClInclude Include="deps\includes\glad\KHR\khrplatform.h">
      <Filter>Header Files</Filter>
    </ClInclude>
    <ClInclude Include="deps\includes\SDL2_image-2.0.1\SDL_image.h">
      <Filter>Header Files</Filter>
    </ClInclude>
    <ClInclude Include="deps\includes\SDL2_ttf-2.20.2\SDL_ttf.h">
      <Filter>Header Files</Filter>
    </ClInclude>
    <ClInclude Include="deps\includes\SDL2-2.26.5\begin_code.h">
      <Filter>Header Files</Filter>
    </ClInclude>
    <ClInclude Include="deps\includes\SDL2-2.26.5\close_code.h">
      <Filter>Header Files</Filter>
    </ClInclude>
    <ClInclude Include="deps\includes\SDL2-2.26.5\SDL.h">
      <Filter>Header Files</Filter>
    </ClInclude>
    <ClInclude Include="deps\includes\SDL2-2.26.5\SDL_assert.h">
      <Filter>Header Files</Filter>
    </ClInclude>
    <ClInclude Include="deps\includes\SDL2-2.26.5\SDL_atomic.h">
      <Filter>Header Files</Filter>
    </ClInclude>
    <ClInclude Include="deps\includes\SDL2-2.26.5\SDL_audio.h">
      <Filter>Header Files</Filter>
    </ClInclude>
    <ClInclude Include="deps\includes\SDL2-2.26.5\SDL_bits.h">
      <Filter>Header Files</Filter>
    </ClInclude>
    <ClInclude Include="deps\includes\SDL2-2.26.5\SDL_blendmode.h">
      <Filter>Header Files</Filter>
    </ClInclude>
    <ClInclude Include="deps\includes\SDL2-2.26.5\SDL_clipboard.h">
      <Filter>Header Files</Filter>
    </ClInclude>
    <ClInclude Include="deps\includes\SDL2-2.26.5\SDL_config.h">
      <Filter>Header Files</Filter>
    </ClInclude>
    <ClInclude Include="deps\includes\SDL2-2.26.5\SDL_config_android.h">
      <Filter>Header Files</Filter>
    </ClInclude>
    <ClInclude Include="deps\includes\SDL2-2.26.5\SDL_config_emscripten.h">
      <Filter>Header Files</Filter>
    </ClInclude>
    <ClInclude Include="deps\includes\SDL2-2.26.5\SDL_config_iphoneos.h">
      <Filter>Header Files</Filter>
    </ClInclude>
    <ClInclude Include="deps\includes\SDL2-2.26.5\SDL_config_macosx.h">
      <Filter>Header Files</Filter>
    </ClInclude>
    <ClInclude Include="deps\includes\SDL2-2.26.5\SDL_config_minimal.h">
      <Filter>Header Files</Filter>
    </ClInclude>
    <ClInclude Include="deps\includes\SDL2-2.26.5\SDL_config_ngage.h">
      <Filter>Header Files</Filter>
    </ClInclude>
    <ClInclude Include="deps\includes\SDL2-2.26.5\SDL_config_os2.h">
      <Filter>Header Files</Filter>
    </ClInclude>
    <ClInclude Include="deps\includes\SDL2-2.26.5\SDL_config_pandora.h">
      <Filter>Header Files</Filter>
    </ClInclude>
    <ClInclude Include="deps\includes\SDL2-2.26.5\SDL_config_windows.h">
      <Filter>Header Files</Filter>
    </ClInclude>
    <ClInclude Include="deps\includes\SDL2-2.26.5\SDL_config_wingdk.h">
      <Filter>Header Files</Filter>
    </ClInclude>
    <ClInclude Include="deps\includes\SDL2-2.26.5\SDL_config_winrt.h">
      <Filter>Header Files</Filter>
    </ClInclude>
    <ClInclude Include="deps\includes\SDL2-2.26.5\SDL_config_xbox.h">
      <Filter>Header Files</Filter>
    </ClInclude>
    <ClInclude Include="deps\includes\SDL2-2.26.5\SDL_copying.h">
      <Filter>Header Files</Filter>
    </ClInclude>
    <ClInclude Include="deps\includes\SDL2-2.26.5\SDL_cpuinfo.h">
      <Filter>Header Files</Filter>
    </ClInclude>
    <ClInclude Include="deps\includes\SDL2-2.26.5\SDL_egl.h">
      <Filter>Header Files</Filter>
    </ClInclude>
    <ClInclude Include="deps\includes\SDL2-2.26.5\SDL_endian.h">
      <Filter>Header Files</Filter>
    </ClInclude>
    <ClInclude Include="deps\includes\SDL2-2.26.5\SDL_error.h">
      <Filter>Header Files</Filter>
    </ClInclude>
    <ClInclude Include="deps\includes\SDL2-2.26.5\SDL_events.h">
      <Filter>Header Files</Filter>
    </ClInclude>
    <ClInclude Include="deps\includes\SDL2-2.26.5\SDL_filesystem.h">
      <Filter>Header Files</Filter>
    </ClInclude>
    <ClInclude Include="deps\includes\SDL2-2.26.5\SDL_gamecontroller.h">
      <Filter>Header Files</Filter>
    </ClInclude>
    <ClInclude Include="deps\includes\SDL2-2.26.5\SDL_gesture.h">
      <Filter>Header Files</Filter>
    </ClInclude>
    <ClInclude Include="deps\includes\SDL2-2.26.5\SDL_guid.h">
      <Filter>Header Files</Filter>
    </ClInclude>
    <ClInclude Include="deps\includes\SDL2-2.26.5\SDL_haptic.h">
      <Filter>Header Files</Filter>
    </ClInclude>
    <ClInclude Include="deps\includes\SDL2-2.26.5\SDL_hidapi.h">
      <Filter>Header Files</Filter>
    </ClInclude>
    <ClInclude Include="deps\includes\SDL2-2.26.5\SDL_hints.h">
      <Filter>Header Files</Filter>
    </ClInclude>
    <ClInclude Include="deps\includes\SDL2-2.26.5\SDL_image.h">
      <Filter>Header Files</Filter>
    </ClInclude>
    <ClInclude Include="deps\includes\SDL2-2.26.5\SDL_joystick.h">
      <Filter>Header Files</Filter>
    </ClInclude>
    <ClInclude Include="deps\includes\SDL2-2.26.5\SDL_keyboard.h">
      <Filter>Header Files</Filter>
    </ClInclude>
    <ClInclude Include="deps\includes\SDL2-2.26.5\SDL_keycode.h">
      <Filter>Header Files</Filter>
    </ClInclude>
    <ClInclude Include="deps\includes\SDL2-2.26.5\SDL_loadso.h">
      <Filter>Header Files</Filter>
    </ClInclude>
    <ClInclude Include="deps\includes\SDL2-2.26.5\SDL_locale.h">
      <Filter>Header Files</Filter>
    </ClInclude>
    <ClInclude Include="deps\includes\SDL2-2.26.5\SDL_log.h">
      <Filter>Header Files</Filter>
    </ClInclude>
    <ClInclude Include="deps\includes\SDL2-2.26.5\SDL_main.h">
      <Filter>Header Files</Filter>
    </ClInclude>
    <ClInclude Include="deps\includes\SDL2-2.26.5\SDL_messagebox.h">
      <Filter>Header Files</Filter>
    </ClInclude>
    <ClInclude Include="deps\includes\SDL2-2.26.5\SDL_metal.h">
      <Filter>Header Files</Filter>
    </ClInclude>
    <ClInclude Include="deps\includes\SDL2-2.26.5\SDL_misc.h">
      <Filter>Header Files</Filter>
    </ClInclude>
    <ClInclude Include="deps\includes\SDL2-2.26.5\SDL_mouse.h">
      <Filter>Header Files</Filter>
    </ClInclude>
    <ClInclude Include="deps\includes\SDL2-2.26.5\SDL_mutex.h">
      <Filter>Header Files</Filter>
    </ClInclude>
    <ClInclude Include="deps\includes\SDL2-2.26.5\SDL_name.h">
      <Filter>Header Files</Filter>
    </ClInclude>
    <ClInclude Include="deps\includes\SDL2-2.26.5\SDL_opengl.h">
      <Filter>Header Files</Filter>
    </ClInclude>
    <ClInclude Include="deps\includes\SDL2-2.26.5\SDL_opengl_glext.h">
      <Filter>Header Files</Filter>
    </ClInclude>
    <ClInclude Include="deps\includes\SDL2-2.26.5\SDL_opengles.h">
      <Filter>Header Files</Filter>
    </ClInclude>
    <ClInclude Include="deps\includes\SDL2-2.26.5\SDL_opengles2.h">
      <Filter>Header Files</Filter>
    </ClInclude>
    <ClInclude Include="deps\includes\SDL2-2.26.5\SDL_opengles2_gl2.h">
      <Filter>Header Files</Filter>
    </ClInclude>
    <ClInclude Include="deps\includes\SDL2-2.26.5\SDL_opengles2_gl2ext.h">
      <Filter>Header Files</Filter>
    </ClInclude>
    <ClInclude Include="deps\includes\SDL2-2.26.5\SDL_opengles2_gl2platform.h">
      <Filter>Header Files</Filter>
    </ClInclude>
    <ClInclude Include="deps\includes\SDL2-2.26.5\SDL_opengles2_khrplatform.h">
      <Filter>Header Files</Filter>
    </ClInclude>
    <ClInclude Include="deps\includes\SDL2-2.26.5\SDL_pixels.h">
      <Filter>Header Files</Filter>
    </ClInclude>
    <ClInclude Include="deps\includes\SDL2-2.26.5\SDL_platform.h">
      <Filter>Header Files</Filter>
    </ClInclude>
    <ClInclude Include="deps\includes\SDL2-2.26.5\SDL_power.h">
      <Filter>Header Files</Filter>
    </ClInclude>
    <ClInclude Include="deps\includes\SDL2-2.26.5\SDL_quit.h">
      <Filter>Header Files</Filter>
    </ClInclude>
    <ClInclude Include="deps\includes\SDL2-2.26.5\SDL_rect.h">
      <Filter>Header Files</Filter>
    </ClInclude>
    <ClInclude Include="deps\includes\SDL2-2.26.5\SDL_render.h">
      <Filter>Header Files</Filter>
    </ClInclude>
    <ClInclude Include="deps\includes\SDL2-2.26.5\SDL_revision.h">
      <Filter>Header Files</Filter>
    </ClInclude>
    <ClInclude Include="deps\includes\SDL2-2.26.5\SDL_rwops.h">
      <Filter>Header Files</Filter>
    </ClInclude>
    <ClInclude Include="deps\includes\SDL2-2.26.5\SDL_scancode.h">
      <Filter>Header Files</Filter>
    </ClInclude>
    <ClInclude Include="deps\includes\SDL2-2.26.5\SDL_sensor.h">
      <Filter>Header Files</Filter>
    </ClInclude>
    <ClInclude Include="deps\includes\SDL2-2.26.5\SDL_shape.h">
      <Filter>Header Files</Filter>
    </ClInclude>
    <ClInclude Include="deps\includes\SDL2-2.26.5\SDL_stdinc.h">
      <Filter>Header Files</Filter>
    </ClInclude>
    <ClInclude Include="deps\includes\SDL2-2.26.5\SDL_surface.h">
      <Filter>Header Files</Filter>
    </ClInclude>
    <ClInclude Include="deps\includes\SDL2-2.26.5\SDL_system.h">
      <Filter>Header Files</Filter>
    </ClInclude>
    <ClInclude Include="deps\includes\SDL2-2.26.5\SDL_syswm.h">
      <Filter>Header Files</Filter>
    </ClInclude>
    <ClInclude Include="deps\includes\SDL2-2.26.5\SDL_test.h">
      <Filter>Header Files</Filter>
    </ClInclude>
    <ClInclude Include="deps\includes\SDL2-2.26.5\SDL_test_assert.h">
      <Filter>Header Files</Filter>
    </ClInclude>
    <ClInclude Include="deps\includes\SDL2-2.26.5\SDL_test_common.h">
      <Filter>Header Files</Filter>
    </ClInclude>
    <ClInclude Include="deps\includes\SDL2-2.26.5\SDL_test_compare.h">
      <Filter>Header Files</Filter>
    </ClInclude>
    <ClInclude Include="deps\includes\SDL2-2.26.5\SDL_test_crc32.h">
      <Filter>Header Files</Filter>
    </ClInclude>
    <ClInclude Include="deps\includes\SDL2-2.26.5\SDL_test_font.h">
      <Filter>Header Files</Filter>
    </ClInclude>
    <ClInclude Include="deps\includes\SDL2-2.26.5\SDL_test_fuzzer.h">
      <Filter>Header Files</Filter>
    </ClInclude>
    <ClInclude Include="deps\includes\SDL2-2.26.5\SDL_test_harness.h">
      <Filter>Header Files</Filter>
    </ClInclude>
    <ClInclude Include="deps\includes\SDL2-2.26.5\SDL_test_images.h">
      <Filter>Header Files</Filter>
    </ClInclude>
    <ClInclude Include="deps\includes\SDL2-2.26.5\SDL_test_log.h">
      <Filter>Header Files</Filter>
    </ClInclude>
    <ClInclude Include="deps\includes\SDL2-2.26.5\SDL_test_md5.h">
      <Filter>Header Files</Filter>
    </ClInclude>
    <ClInclude Include="deps\includes\SDL2-2.26.5\SDL_test_memory.h">
      <Filter>Header Files</Filter>
    </ClInclude>
    <ClInclude Include="deps\includes\SDL2-2.26.5\SDL_test_random.h">
      <Filter>Header Files</Filter>
    </ClInclude>
    <ClInclude Include="deps\includes\SDL2-2.26.5\SDL_thread.h">
      <Filter>Header Files</Filter>
    </ClInclude>
    <ClInclude Include="deps\includes\SDL2-2.26.5\SDL_timer.h">
      <Filter>Header Files</Filter>
    </ClInclude>
    <ClInclude Include="deps\includes\SDL2-2.26.5\SDL_touch.h">
      <Filter>Header Files</Filter>
    </ClInclude>
    <ClInclude Include="deps\includes\SDL2-2.26.5\SDL_types.h">
      <Filter>Header Files</Filter>
    </ClInclude>
    <ClInclude Include="deps\includes\SDL2-2.26.5\SDL_version.h">
      <Filter>Header Files</Filter>
    </ClInclude>
    <ClInclude Include="deps\includes\SDL2-2.26.5\SDL_video.h">
      <Filter>Header Files</Filter>
    </ClInclude>
    <ClInclude Include="deps\includes\SDL2-2.26.5\SDL_vulkan.h">
      <Filter>Header Files</Filter>
    </ClInclude>
  </ItemGroup>
  <ItemGroup>
    <Library Include="deps\libs\SDL2_image-2.0.1\SDL2_image.lib" />
    <Library Include="deps\libs\SDL2\SDL2.lib" />
    <Library Include="deps\libs\SDL2\SDL2main.lib" />
    <Library Include="deps\libs\SDL2_ttf-2.20.2\x64\SDL2_ttf.lib" />
  </ItemGroup>
  <ItemGroup>
    <None Include="deps\libs\SDL2_image-2.0.1\zlib1.dll" />
    <None Include="deps\libs\SDL2_image-2.0.1\libjpeg-9.dll" />
    <None Include="deps\libs\SDL2_image-2.0.1\libpng16-16.dll" />
    <None Include="deps\libs\SDL2_image-2.0.1\libtiff-5.dll" />
    <None Include="deps\libs\SDL2_image-2.0.1\libwebp-4.dll" />
    <None Include="deps\libs\SDL2_image-2.0.1\SDL2_image.dll" />
    <None Include="deps\libs\SDL2\SDL2.dll" />
    <None Include="deps\libs\SDL2_ttf-2.20.2\x64\SDL2_ttf.dll" />
  </ItemGroup>
  <ItemGroup>
    <Text Include="deps\libs\SDL2_image-2.0.1\LICENSE.jpeg.txt" />
    <Text Include="deps\libs\SDL2_image-2.0.1\LICENSE.png.txt" />
    <Text Include="deps\libs\SDL2_image-2.0.1\LICENSE.tiff.txt" />
    <Text Include="deps\libs\SDL2_image-2.0.1\LICENSE.webp.txt" />
    <Text Include="deps\libs\SDL2_image-2.0.1\LICENSE.zlib.txt" />
  </ItemGroup>
</Project>